
Microsoft Visual Studio Solution File, Format Version 12.00
# Visual Studio Version 16
VisualStudioVersion = 16.0.29613.14
MinimumVisualStudioVersion = 10.0.40219.1
Project("{FAE04EC0-301F-11D3-BF4B-00C04F79EFBC}") = "Xamarin Xaml Code.Android", "Xamarin Xaml Code\Xamarin Xaml Code.Android\Xamarin Xaml Code.Android.csproj", "{F391C068-33AC-4C25-8A3D-5DA0F4E3DF6E}"
EndProject
Project("{FAE04EC0-301F-11D3-BF4B-00C04F79EFBC}") = "Xamarin Xaml Code.iOS", "Xamarin Xaml Code\Xamarin Xaml Code.iOS\Xamarin Xaml Code.iOS.csproj", "{A5EBD51F-8D73-4B6A-88B8-16C6FE54A8B8}"
EndProject
Project("{FAE04EC0-301F-11D3-BF4B-00C04F79EFBC}") = "Xamarin Xaml Code", "Xamarin Xaml Code\Xamarin Xaml Code\Xamarin Xaml Code.csproj", "{9BF38AAD-7F00-426E-B44D-19FF1ADB1BCC}"
EndProject
Global
	GlobalSection(SolutionConfigurationPlatforms) = preSolution
		Debug|Any CPU = Debug|Any CPU
		Debug|iPhone = Debug|iPhone
		Debug|iPhoneSimulator = Debug|iPhoneSimulator
		Release|Any CPU = Release|Any CPU
		Release|iPhone = Release|iPhone
		Release|iPhoneSimulator = Release|iPhoneSimulator
	EndGlobalSection
	GlobalSection(ProjectConfigurationPlatforms) = postSolution
		{F391C068-33AC-4C25-8A3D-5DA0F4E3DF6E}.Debug|Any CPU.ActiveCfg = Debug|Any CPU
		{F391C068-33AC-4C25-8A3D-5DA0F4E3DF6E}.Debug|Any CPU.Build.0 = Debug|Any CPU
		{F391C068-33AC-4C25-8A3D-5DA0F4E3DF6E}.Debug|Any CPU.Deploy.0 = Debug|Any CPU
		{F391C068-33AC-4C25-8A3D-5DA0F4E3DF6E}.Debug|iPhone.ActiveCfg = Debug|Any CPU
		{F391C068-33AC-4C25-8A3D-5DA0F4E3DF6E}.Debug|iPhone.Build.0 = Debug|Any CPU
		{F391C068-33AC-4C25-8A3D-5DA0F4E3DF6E}.Debug|iPhone.Deploy.0 = Debug|Any CPU
		{F391C068-33AC-4C25-8A3D-5DA0F4E3DF6E}.Debug|iPhoneSimulator.ActiveCfg = Debug|Any CPU
		{F391C068-33AC-4C25-8A3D-5DA0F4E3DF6E}.Debug|iPhoneSimulator.Build.0 = Debug|Any CPU
		{F391C068-33AC-4C25-8A3D-5DA0F4E3DF6E}.Debug|iPhoneSimulator.Deploy.0 = Debug|Any CPU
		{F391C068-33AC-4C25-8A3D-5DA0F4E3DF6E}.Release|Any CPU.ActiveCfg = Release|Any CPU
		{F391C068-33AC-4C25-8A3D-5DA0F4E3DF6E}.Release|Any CPU.Build.0 = Release|Any CPU
		{F391C068-33AC-4C25-8A3D-5DA0F4E3DF6E}.Release|Any CPU.Deploy.0 = Release|Any CPU
		{F391C068-33AC-4C25-8A3D-5DA0F4E3DF6E}.Release|iPhone.ActiveCfg = Release|Any CPU
		{F391C068-33AC-4C25-8A3D-5DA0F4E3DF6E}.Release|iPhone.Build.0 = Release|Any CPU
		{F391C068-33AC-4C25-8A3D-5DA0F4E3DF6E}.Release|iPhone.Deploy.0 = Release|Any CPU
		{F391C068-33AC-4C25-8A3D-5DA0F4E3DF6E}.Release|iPhoneSimulator.ActiveCfg = Release|Any CPU
		{F391C068-33AC-4C25-8A3D-5DA0F4E3DF6E}.Release|iPhoneSimulator.Build.0 = Release|Any CPU
		{F391C068-33AC-4C25-8A3D-5DA0F4E3DF6E}.Release|iPhoneSimulator.Deploy.0 = Release|Any CPU
		{A5EBD51F-8D73-4B6A-88B8-16C6FE54A8B8}.Debug|Any CPU.ActiveCfg = Debug|iPhoneSimulator
		{A5EBD51F-8D73-4B6A-88B8-16C6FE54A8B8}.Debug|Any CPU.Build.0 = Debug|iPhoneSimulator
		{A5EBD51F-8D73-4B6A-88B8-16C6FE54A8B8}.Debug|Any CPU.Deploy.0 = Debug|iPhoneSimulator
		{A5EBD51F-8D73-4B6A-88B8-16C6FE54A8B8}.Debug|iPhone.ActiveCfg = Debug|iPhone
		{A5EBD51F-8D73-4B6A-88B8-16C6FE54A8B8}.Debug|iPhone.Build.0 = Debug|iPhone
		{A5EBD51F-8D73-4B6A-88B8-16C6FE54A8B8}.Debug|iPhone.Deploy.0 = Debug|iPhone
		{A5EBD51F-8D73-4B6A-88B8-16C6FE54A8B8}.Debug|iPhoneSimulator.ActiveCfg = Debug|iPhoneSimulator
		{A5EBD51F-8D73-4B6A-88B8-16C6FE54A8B8}.Debug|iPhoneSimulator.Build.0 = Debug|iPhoneSimulator
		{A5EBD51F-8D73-4B6A-88B8-16C6FE54A8B8}.Debug|iPhoneSimulator.Deploy.0 = Debug|iPhoneSimulator
		{A5EBD51F-8D73-4B6A-88B8-16C6FE54A8B8}.Release|Any CPU.ActiveCfg = Release|iPhone
		{A5EBD51F-8D73-4B6A-88B8-16C6FE54A8B8}.Release|Any CPU.Build.0 = Release|iPhone
		{A5EBD51F-8D73-4B6A-88B8-16C6FE54A8B8}.Release|Any CPU.Deploy.0 = Release|iPhone
		{A5EBD51F-8D73-4B6A-88B8-16C6FE54A8B8}.Release|iPhone.ActiveCfg = Release|iPhone
		{A5EBD51F-8D73-4B6A-88B8-16C6FE54A8B8}.Release|iPhone.Build.0 = Release|iPhone
		{A5EBD51F-8D73-4B6A-88B8-16C6FE54A8B8}.Release|iPhone.Deploy.0 = Release|iPhone
		{A5EBD51F-8D73-4B6A-88B8-16C6FE54A8B8}.Release|iPhoneSimulator.ActiveCfg = Release|iPhoneSimulator
		{A5EBD51F-8D73-4B6A-88B8-16C6FE54A8B8}.Release|iPhoneSimulator.Build.0 = Release|iPhoneSimulator
		{A5EBD51F-8D73-4B6A-88B8-16C6FE54A8B8}.Release|iPhoneSimulator.Deploy.0 = Release|iPhoneSimulator
		{9BF38AAD-7F00-426E-B44D-19FF1ADB1BCC}.Debug|Any CPU.ActiveCfg = Debug|Any CPU
		{9BF38AAD-7F00-426E-B44D-19FF1ADB1BCC}.Debug|Any CPU.Build.0 = Debug|Any CPU
		{9BF38AAD-7F00-426E-B44D-19FF1ADB1BCC}.Debug|Any CPU.Deploy.0 = Debug|Any CPU
		{9BF38AAD-7F00-426E-B44D-19FF1ADB1BCC}.Debug|iPhone.ActiveCfg = Debug|Any CPU
		{9BF38AAD-7F00-426E-B44D-19FF1ADB1BCC}.Debug|iPhone.Build.0 = Debug|Any CPU
		{9BF38AAD-7F00-426E-B44D-19FF1ADB1BCC}.Debug|iPhone.Deploy.0 = Debug|Any CPU
		{9BF38AAD-7F00-426E-B44D-19FF1ADB1BCC}.Debug|iPhoneSimulator.ActiveCfg = Debug|Any CPU
		{9BF38AAD-7F00-426E-B44D-19FF1ADB1BCC}.Debug|iPhoneSimulator.Build.0 = Debug|Any CPU
		{9BF38AAD-7F00-426E-B44D-19FF1ADB1BCC}.Debug|iPhoneSimulator.Deploy.0 = Debug|Any CPU
		{9BF38AAD-7F00-426E-B44D-19FF1ADB1BCC}.Release|Any CPU.ActiveCfg = Release|Any CPU
		{9BF38AAD-7F00-426E-B44D-19FF1ADB1BCC}.Release|Any CPU.Build.0 = Release|Any CPU
		{9BF38AAD-7F00-426E-B44D-19FF1ADB1BCC}.Release|Any CPU.Deploy.0 = Release|Any CPU
		{9BF38AAD-7F00-426E-B44D-19FF1ADB1BCC}.Release|iPhone.ActiveCfg = Release|Any CPU
		{9BF38AAD-7F00-426E-B44D-19FF1ADB1BCC}.Release|iPhone.Build.0 = Release|Any CPU
		{9BF38AAD-7F00-426E-B44D-19FF1ADB1BCC}.Release|iPhone.Deploy.0 = Release|Any CPU
		{9BF38AAD-7F00-426E-B44D-19FF1ADB1BCC}.Release|iPhoneSimulator.ActiveCfg = Release|Any CPU
		{9BF38AAD-7F00-426E-B44D-19FF1ADB1BCC}.Release|iPhoneSimulator.Build.0 = Release|Any CPU
		{9BF38AAD-7F00-426E-B44D-19FF1ADB1BCC}.Release|iPhoneSimulator.Deploy.0 = Release|Any CPU
	EndGlobalSection
	GlobalSection(SolutionProperties) = preSolution
		HideSolutionNode = FALSE
	EndGlobalSection
	GlobalSection(ExtensibilityGlobals) = postSolution
		SolutionGuid = {79B45F2A-9797-48C1-9C23-DA62F842BD56}
	EndGlobalSection
EndGlobal
